// !$*UTF8*$!
{
	archiveVersion = 1;
	classes = {
	};
	objectVersion = 56;
	objects = {

/* Begin PBXBuildFile section */
		8F3A088A2A1D1C42000B3FE3 /* AppDelegate.swift in Sources */ = {isa = PBXBuildFile; fileRef = 8F3A08892A1D1C42000B3FE3 /* AppDelegate.swift */; };
		8F3A088C2A1D1C42000B3FE3 /* SceneDelegate.swift in Sources */ = {isa = PBXBuildFile; fileRef = 8F3A088B2A1D1C42000B3FE3 /* SceneDelegate.swift */; };
		8F3A088E2A1D1C42000B3FE3 /* MainViewController.swift in Sources */ = {isa = PBXBuildFile; fileRef = 8F3A088D2A1D1C42000B3FE3 /* MainViewController.swift */; };
		8F3A08912A1D1C42000B3FE3 /* Main.storyboard in Resources */ = {isa = PBXBuildFile; fileRef = 8F3A088F2A1D1C42000B3FE3 /* Main.storyboard */; };
		8F3A08932A1D1C44000B3FE3 /* Assets.xcassets in Resources */ = {isa = PBXBuildFile; fileRef = 8F3A08922A1D1C44000B3FE3 /* Assets.xcassets */; };
		8F3A08962A1D1C44000B3FE3 /* LaunchScreen.storyboard in Resources */ = {isa = PBXBuildFile; fileRef = 8F3A08942A1D1C44000B3FE3 /* LaunchScreen.storyboard */; };
		8F3A08A72A1D39E8000B3FE3 /* TranslateViewController.swift in Sources */ = {isa = PBXBuildFile; fileRef = 8F3A08A62A1D39E8000B3FE3 /* TranslateViewController.swift */; };
		8F3A08AF2A1DC206000B3FE3 /* TranslateRectangle.swift in Sources */ = {isa = PBXBuildFile; fileRef = 8F3A08AE2A1DC206000B3FE3 /* TranslateRectangle.swift */; };
		8FE53B752A1EC1FB00AB9163 /* MiniGameManager.swift in Sources */ = {isa = PBXBuildFile; fileRef = 8FE53B742A1EC1FB00AB9163 /* MiniGameManager.swift */; };
		8FE53B772A1EC25000AB9163 /* SignPose.swift in Sources */ = {isa = PBXBuildFile; fileRef = 8FE53B762A1EC25000AB9163 /* SignPose.swift */; };
		8FE53B7B2A1ECAC500AB9163 /* MySign.mlmodel in Sources */ = {isa = PBXBuildFile; fileRef = 8FE53B7A2A1ECAC500AB9163 /* MySign.mlmodel */; };
		8FE53B822A1EF4BE00AB9163 /* SignPoseClassifier.swift in Sources */ = {isa = PBXBuildFile; fileRef = 8FE53B812A1EF4BE00AB9163 /* SignPoseClassifier.swift */; };
		8FE53B842A1EF70800AB9163 /* CGImage+UIImage_PropertyOrientation.swift in Sources */ = {isa = PBXBuildFile; fileRef = 8FE53B832A1EF70800AB9163 /* CGImage+UIImage_PropertyOrientation.swift */; };
		8FE53B872A1EF7B200AB9163 /* GameViewController.swift in Sources */ = {isa = PBXBuildFile; fileRef = 8FE53B862A1EF7B200AB9163 /* GameViewController.swift */; };
		8FE53B892A1F147F00AB9163 /* GameViewController+CameraPicker.swift in Sources */ = {isa = PBXBuildFile; fileRef = 8FE53B882A1F147F00AB9163 /* GameViewController+CameraPicker.swift */; };
/* End PBXBuildFile section */

/* Begin PBXFileReference section */
		8F3A08862A1D1C42000B3FE3 /* SignPal.app */ = {isa = PBXFileReference; explicitFileType = wrapper.application; includeInIndex = 0; path = SignPal.app; sourceTree = BUILT_PRODUCTS_DIR; };
		8F3A08892A1D1C42000B3FE3 /* AppDelegate.swift */ = {isa = PBXFileReference; lastKnownFileType = sourcecode.swift; path = AppDelegate.swift; sourceTree = "<group>"; };
		8F3A088B2A1D1C42000B3FE3 /* SceneDelegate.swift */ = {isa = PBXFileReference; lastKnownFileType = sourcecode.swift; path = SceneDelegate.swift; sourceTree = "<group>"; };
		8F3A088D2A1D1C42000B3FE3 /* MainViewController.swift */ = {isa = PBXFileReference; lastKnownFileType = sourcecode.swift; path = MainViewController.swift; sourceTree = "<group>"; };
		8F3A08902A1D1C42000B3FE3 /* Base */ = {isa = PBXFileReference; lastKnownFileType = file.storyboard; name = Base; path = Base.lproj/Main.storyboard; sourceTree = "<group>"; };
		8F3A08922A1D1C44000B3FE3 /* Assets.xcassets */ = {isa = PBXFileReference; lastKnownFileType = folder.assetcatalog; path = Assets.xcassets; sourceTree = "<group>"; };
		8F3A08952A1D1C44000B3FE3 /* Base */ = {isa = PBXFileReference; lastKnownFileType = file.storyboard; name = Base; path = Base.lproj/LaunchScreen.storyboard; sourceTree = "<group>"; };
		8F3A08972A1D1C44000B3FE3 /* Info.plist */ = {isa = PBXFileReference; lastKnownFileType = text.plist.xml; path = Info.plist; sourceTree = "<group>"; };
		8F3A08A62A1D39E8000B3FE3 /* TranslateViewController.swift */ = {isa = PBXFileReference; lastKnownFileType = sourcecode.swift; path = TranslateViewController.swift; sourceTree = "<group>"; };
		8F3A08AE2A1DC206000B3FE3 /* TranslateRectangle.swift */ = {isa = PBXFileReference; lastKnownFileType = sourcecode.swift; path = TranslateRectangle.swift; sourceTree = "<group>"; };
		8FE53B742A1EC1FB00AB9163 /* MiniGameManager.swift */ = {isa = PBXFileReference; lastKnownFileType = sourcecode.swift; path = MiniGameManager.swift; sourceTree = "<group>"; };
		8FE53B762A1EC25000AB9163 /* SignPose.swift */ = {isa = PBXFileReference; lastKnownFileType = sourcecode.swift; path = SignPose.swift; sourceTree = "<group>"; };
		8FE53B7A2A1ECAC500AB9163 /* MySign.mlmodel */ = {isa = PBXFileReference; lastKnownFileType = file.mlmodel; path = MySign.mlmodel; sourceTree = "<group>"; };
		8FE53B812A1EF4BE00AB9163 /* SignPoseClassifier.swift */ = {isa = PBXFileReference; lastKnownFileType = sourcecode.swift; path = SignPoseClassifier.swift; sourceTree = "<group>"; };
		8FE53B832A1EF70800AB9163 /* CGImage+UIImage_PropertyOrientation.swift */ = {isa = PBXFileReference; lastKnownFileType = sourcecode.swift; path = "CGImage+UIImage_PropertyOrientation.swift"; sourceTree = "<group>"; };
		8FE53B862A1EF7B200AB9163 /* GameViewController.swift */ = {isa = PBXFileReference; lastKnownFileType = sourcecode.swift; path = GameViewController.swift; sourceTree = "<group>"; };
		8FE53B882A1F147F00AB9163 /* GameViewController+CameraPicker.swift */ = {isa = PBXFileReference; lastKnownFileType = sourcecode.swift; path = "GameViewController+CameraPicker.swift"; sourceTree = "<group>"; };
/* End PBXFileReference section */

/* Begin PBXFrameworksBuildPhase section */
		8F3A08832A1D1C42000B3FE3 /* Frameworks */ = {
			isa = PBXFrameworksBuildPhase;
			buildActionMask = 2147483647;
			files = (
			);
			runOnlyForDeploymentPostprocessing = 0;
		};
/* End PBXFrameworksBuildPhase section */

/* Begin PBXGroup section */
		8F3A087D2A1D1C42000B3FE3 = {
			isa = PBXGroup;
			children = (
				8F3A08882A1D1C42000B3FE3 /* SignTalk */,
				8F3A08872A1D1C42000B3FE3 /* Products */,
			);
			sourceTree = "<group>";
		};
		8F3A08872A1D1C42000B3FE3 /* Products */ = {
			isa = PBXGroup;
			children = (
				8F3A08862A1D1C42000B3FE3 /* SignPal.app */,
			);
			name = Products;
			sourceTree = "<group>";
		};
		8F3A08882A1D1C42000B3FE3 /* SignTalk */ = {
			isa = PBXGroup;
			children = (
				8F3A08892A1D1C42000B3FE3 /* AppDelegate.swift */,
				8F3A088B2A1D1C42000B3FE3 /* SceneDelegate.swift */,
				8F3A089D2A1D2866000B3FE3 /* Core */,
				8F60FAA62A1FD3A3006FA5DE /* Presenters */,
				8F60FAA22A1FBD0B006FA5DE /* Helper */,
				8FE53B802A1EF49F00AB9163 /* Model */,
				8F3A08AC2A1D90DD000B3FE3 /* Storyboards */,
				8F3A08972A1D1C44000B3FE3 /* Info.plist */,
				8F3A08922A1D1C44000B3FE3 /* Assets.xcassets */,
			);
			path = SignTalk;
			sourceTree = "<group>";
		};
		8F3A089D2A1D2866000B3FE3 /* Core */ = {
			isa = PBXGroup;
			children = (
				8FE53B852A1EF71100AB9163 /* Extensions */,
			);
			path = Core;
			sourceTree = "<group>";
		};
		8F3A08AC2A1D90DD000B3FE3 /* Storyboards */ = {
			isa = PBXGroup;
			children = (
				8F3A088F2A1D1C42000B3FE3 /* Main.storyboard */,
				8F3A08942A1D1C44000B3FE3 /* LaunchScreen.storyboard */,
			);
			path = Storyboards;
			sourceTree = "<group>";
		};
		8F3A08AD2A1DC1D6000B3FE3 /* Components */ = {
			isa = PBXGroup;
			children = (
				8F3A08AE2A1DC206000B3FE3 /* TranslateRectangle.swift */,
			);
			path = Components;
			sourceTree = "<group>";
		};
		8F60FAA22A1FBD0B006FA5DE /* Helper */ = {
			isa = PBXGroup;
			children = (
				8FE53B812A1EF4BE00AB9163 /* SignPoseClassifier.swift */,
				8FE53B742A1EC1FB00AB9163 /* MiniGameManager.swift */,
			);
			path = Helper;
			sourceTree = "<group>";
		};
		8F60FAA32A1FBD83006FA5DE /* MiniGameView */ = {
			isa = PBXGroup;
			children = (
				8FE53B862A1EF7B200AB9163 /* GameViewController.swift */,
				8FE53B882A1F147F00AB9163 /* GameViewController+CameraPicker.swift */,
			);
			path = MiniGameView;
			sourceTree = "<group>";
		};
		8F60FAA42A1FBD9B006FA5DE /* TranslateView */ = {
			isa = PBXGroup;
			children = (
				8F3A08A62A1D39E8000B3FE3 /* TranslateViewController.swift */,
			);
			path = TranslateView;
			sourceTree = "<group>";
		};
		8F60FAA52A1FBDA8006FA5DE /* Views */ = {
			isa = PBXGroup;
			children = (
				8F3A088D2A1D1C42000B3FE3 /* MainViewController.swift */,
				8F60FAA42A1FBD9B006FA5DE /* TranslateView */,
				8F60FAA32A1FBD83006FA5DE /* MiniGameView */,
			);
			path = Views;
			sourceTree = "<group>";
		};
		8F60FAA62A1FD3A3006FA5DE /* Presenters */ = {
			isa = PBXGroup;
			children = (
				8F3A08AD2A1DC1D6000B3FE3 /* Components */,
				8F60FAA52A1FBDA8006FA5DE /* Views */,
			);
			path = Presenters;
			sourceTree = "<group>";
		};
		8FE53B802A1EF49F00AB9163 /* Model */ = {
			isa = PBXGroup;
			children = (
				8FE53B762A1EC25000AB9163 /* SignPose.swift */,
				8FE53B7A2A1ECAC500AB9163 /* MySign.mlmodel */,
			);
			path = Model;
			sourceTree = "<group>";
		};
		8FE53B852A1EF71100AB9163 /* Extensions */ = {
			isa = PBXGroup;
			children = (
				8FE53B832A1EF70800AB9163 /* CGImage+UIImage_PropertyOrientation.swift */,
			);
			path = Extensions;
			sourceTree = "<group>";
		};
/* End PBXGroup section */

/* Begin PBXNativeTarget section */
		8F3A08852A1D1C42000B3FE3 /* SignPal */ = {
			isa = PBXNativeTarget;
			buildConfigurationList = 8F3A089A2A1D1C44000B3FE3 /* Build configuration list for PBXNativeTarget "SignPal" */;
			buildPhases = (
				8F3A08822A1D1C42000B3FE3 /* Sources */,
				8F3A08832A1D1C42000B3FE3 /* Frameworks */,
				8F3A08842A1D1C42000B3FE3 /* Resources */,
			);
			buildRules = (
			);
			dependencies = (
			);
			name = SignPal;
			productName = SignTalk;
			productReference = 8F3A08862A1D1C42000B3FE3 /* SignPal.app */;
			productType = "com.apple.product-type.application";
		};
/* End PBXNativeTarget section */

/* Begin PBXProject section */
		8F3A087E2A1D1C42000B3FE3 /* Project object */ = {
			isa = PBXProject;
			attributes = {
				BuildIndependentTargetsInParallel = 1;
				LastSwiftUpdateCheck = 1430;
				LastUpgradeCheck = 1430;
				TargetAttributes = {
					8F3A08852A1D1C42000B3FE3 = {
						CreatedOnToolsVersion = 14.3;
					};
				};
			};
			buildConfigurationList = 8F3A08812A1D1C42000B3FE3 /* Build configuration list for PBXProject "SignPal" */;
			compatibilityVersion = "Xcode 14.0";
			developmentRegion = en;
			hasScannedForEncodings = 0;
			knownRegions = (
				en,
				Base,
			);
			mainGroup = 8F3A087D2A1D1C42000B3FE3;
			productRefGroup = 8F3A08872A1D1C42000B3FE3 /* Products */;
			projectDirPath = "";
			projectRoot = "";
			targets = (
				8F3A08852A1D1C42000B3FE3 /* SignPal */,
			);
		};
/* End PBXProject section */

/* Begin PBXResourcesBuildPhase section */
		8F3A08842A1D1C42000B3FE3 /* Resources */ = {
			isa = PBXResourcesBuildPhase;
			buildActionMask = 2147483647;
			files = (
				8F3A08962A1D1C44000B3FE3 /* LaunchScreen.storyboard in Resources */,
				8F3A08932A1D1C44000B3FE3 /* Assets.xcassets in Resources */,
				8F3A08912A1D1C42000B3FE3 /* Main.storyboard in Resources */,
			);
			runOnlyForDeploymentPostprocessing = 0;
		};
/* End PBXResourcesBuildPhase section */

/* Begin PBXSourcesBuildPhase section */
		8F3A08822A1D1C42000B3FE3 /* Sources */ = {
			isa = PBXSourcesBuildPhase;
			buildActionMask = 2147483647;
			files = (
				8F3A088E2A1D1C42000B3FE3 /* MainViewController.swift in Sources */,
				8F3A088A2A1D1C42000B3FE3 /* AppDelegate.swift in Sources */,
				8FE53B7B2A1ECAC500AB9163 /* MySign.mlmodel in Sources */,
				8FE53B822A1EF4BE00AB9163 /* SignPoseClassifier.swift in Sources */,
				8FE53B872A1EF7B200AB9163 /* GameViewController.swift in Sources */,
				8F3A08AF2A1DC206000B3FE3 /* TranslateRectangle.swift in Sources */,
				8FE53B892A1F147F00AB9163 /* GameViewController+CameraPicker.swift in Sources */,
				8F3A088C2A1D1C42000B3FE3 /* SceneDelegate.swift in Sources */,
				8FE53B772A1EC25000AB9163 /* SignPose.swift in Sources */,
				8FE53B842A1EF70800AB9163 /* CGImage+UIImage_PropertyOrientation.swift in Sources */,
				8FE53B752A1EC1FB00AB9163 /* MiniGameManager.swift in Sources */,
				8F3A08A72A1D39E8000B3FE3 /* TranslateViewController.swift in Sources */,
			);
			runOnlyForDeploymentPostprocessing = 0;
		};
/* End PBXSourcesBuildPhase section */

/* Begin PBXVariantGroup section */
		8F3A088F2A1D1C42000B3FE3 /* Main.storyboard */ = {
			isa = PBXVariantGroup;
			children = (
				8F3A08902A1D1C42000B3FE3 /* Base */,
			);
			name = Main.storyboard;
			sourceTree = "<group>";
		};
		8F3A08942A1D1C44000B3FE3 /* LaunchScreen.storyboard */ = {
			isa = PBXVariantGroup;
			children = (
				8F3A08952A1D1C44000B3FE3 /* Base */,
			);
			name = LaunchScreen.storyboard;
			sourceTree = "<group>";
		};
/* End PBXVariantGroup section */

/* Begin XCBuildConfiguration section */
		8F3A08982A1D1C44000B3FE3 /* Debug */ = {
			isa = XCBuildConfiguration;
			buildSettings = {
				ALWAYS_SEARCH_USER_PATHS = NO;
				CLANG_ANALYZER_NONNULL = YES;
				CLANG_ANALYZER_NUMBER_OBJECT_CONVERSION = YES_AGGRESSIVE;
				CLANG_CXX_LANGUAGE_STANDARD = "gnu++20";
				CLANG_ENABLE_MODULES = YES;
				CLANG_ENABLE_OBJC_ARC = YES;
				CLANG_ENABLE_OBJC_WEAK = YES;
				CLANG_WARN_BLOCK_CAPTURE_AUTORELEASING = YES;
				CLANG_WARN_BOOL_CONVERSION = YES;
				CLANG_WARN_COMMA = YES;
				CLANG_WARN_CONSTANT_CONVERSION = YES;
				CLANG_WARN_DEPRECATED_OBJC_IMPLEMENTATIONS = YES;
				CLANG_WARN_DIRECT_OBJC_ISA_USAGE = YES_ERROR;
				CLANG_WARN_DOCUMENTATION_COMMENTS = YES;
				CLANG_WARN_EMPTY_BODY = YES;
				CLANG_WARN_ENUM_CONVERSION = YES;
				CLANG_WARN_INFINITE_RECURSION = YES;
				CLANG_WARN_INT_CONVERSION = YES;
				CLANG_WARN_NON_LITERAL_NULL_CONVERSION = YES;
				CLANG_WARN_OBJC_IMPLICIT_RETAIN_SELF = YES;
				CLANG_WARN_OBJC_LITERAL_CONVERSION = YES;
				CLANG_WARN_OBJC_ROOT_CLASS = YES_ERROR;
				CLANG_WARN_QUOTED_INCLUDE_IN_FRAMEWORK_HEADER = YES;
				CLANG_WARN_RANGE_LOOP_ANALYSIS = YES;
				CLANG_WARN_STRICT_PROTOTYPES = YES;
				CLANG_WARN_SUSPICIOUS_MOVE = YES;
				CLANG_WARN_UNGUARDED_AVAILABILITY = YES_AGGRESSIVE;
				CLANG_WARN_UNREACHABLE_CODE = YES;
				CLANG_WARN__DUPLICATE_METHOD_MATCH = YES;
				COPY_PHASE_STRIP = NO;
				DEBUG_INFORMATION_FORMAT = dwarf;
				ENABLE_STRICT_OBJC_MSGSEND = YES;
				ENABLE_TESTABILITY = YES;
				GCC_C_LANGUAGE_STANDARD = gnu11;
				GCC_DYNAMIC_NO_PIC = NO;
				GCC_NO_COMMON_BLOCKS = YES;
				GCC_OPTIMIZATION_LEVEL = 0;
				GCC_PREPROCESSOR_DEFINITIONS = (
					"DEBUG=1",
					"$(inherited)",
				);
				GCC_WARN_64_TO_32_BIT_CONVERSION = YES;
				GCC_WARN_ABOUT_RETURN_TYPE = YES_ERROR;
				GCC_WARN_UNDECLARED_SELECTOR = YES;
				GCC_WARN_UNINITIALIZED_AUTOS = YES_AGGRESSIVE;
				GCC_WARN_UNUSED_FUNCTION = YES;
				GCC_WARN_UNUSED_VARIABLE = YES;
				IPHONEOS_DEPLOYMENT_TARGET = 16.0;
				MTL_ENABLE_DEBUG_INFO = INCLUDE_SOURCE;
				MTL_FAST_MATH = YES;
				ONLY_ACTIVE_ARCH = YES;
				SDKROOT = iphoneos;
				SWIFT_ACTIVE_COMPILATION_CONDITIONS = DEBUG;
				SWIFT_OPTIMIZATION_LEVEL = "-Onone";
			};
			name = Debug;
		};
		8F3A08992A1D1C44000B3FE3 /* Release */ = {
			isa = XCBuildConfiguration;
			buildSettings = {
				ALWAYS_SEARCH_USER_PATHS = NO;
				CLANG_ANALYZER_NONNULL = YES;
				CLANG_ANALYZER_NUMBER_OBJECT_CONVERSION = YES_AGGRESSIVE;
				CLANG_CXX_LANGUAGE_STANDARD = "gnu++20";
				CLANG_ENABLE_MODULES = YES;
				CLANG_ENABLE_OBJC_ARC = YES;
				CLANG_ENABLE_OBJC_WEAK = YES;
				CLANG_WARN_BLOCK_CAPTURE_AUTORELEASING = YES;
				CLANG_WARN_BOOL_CONVERSION = YES;
				CLANG_WARN_COMMA = YES;
				CLANG_WARN_CONSTANT_CONVERSION = YES;
				CLANG_WARN_DEPRECATED_OBJC_IMPLEMENTATIONS = YES;
				CLANG_WARN_DIRECT_OBJC_ISA_USAGE = YES_ERROR;
				CLANG_WARN_DOCUMENTATION_COMMENTS = YES;
				CLANG_WARN_EMPTY_BODY = YES;
				CLANG_WARN_ENUM_CONVERSION = YES;
				CLANG_WARN_INFINITE_RECURSION = YES;
				CLANG_WARN_INT_CONVERSION = YES;
				CLANG_WARN_NON_LITERAL_NULL_CONVERSION = YES;
				CLANG_WARN_OBJC_IMPLICIT_RETAIN_SELF = YES;
				CLANG_WARN_OBJC_LITERAL_CONVERSION = YES;
				CLANG_WARN_OBJC_ROOT_CLASS = YES_ERROR;
				CLANG_WARN_QUOTED_INCLUDE_IN_FRAMEWORK_HEADER = YES;
				CLANG_WARN_RANGE_LOOP_ANALYSIS = YES;
				CLANG_WARN_STRICT_PROTOTYPES = YES;
				CLANG_WARN_SUSPICIOUS_MOVE = YES;
				CLANG_WARN_UNGUARDED_AVAILABILITY = YES_AGGRESSIVE;
				CLANG_WARN_UNREACHABLE_CODE = YES;
				CLANG_WARN__DUPLICATE_METHOD_MATCH = YES;
				COPY_PHASE_STRIP = NO;
				DEBUG_INFORMATION_FORMAT = "dwarf-with-dsym";
				ENABLE_NS_ASSERTIONS = NO;
				ENABLE_STRICT_OBJC_MSGSEND = YES;
				GCC_C_LANGUAGE_STANDARD = gnu11;
				GCC_NO_COMMON_BLOCKS = YES;
				GCC_WARN_64_TO_32_BIT_CONVERSION = YES;
				GCC_WARN_ABOUT_RETURN_TYPE = YES_ERROR;
				GCC_WARN_UNDECLARED_SELECTOR = YES;
				GCC_WARN_UNINITIALIZED_AUTOS = YES_AGGRESSIVE;
				GCC_WARN_UNUSED_FUNCTION = YES;
				GCC_WARN_UNUSED_VARIABLE = YES;
				IPHONEOS_DEPLOYMENT_TARGET = 16.0;
				MTL_ENABLE_DEBUG_INFO = NO;
				MTL_FAST_MATH = YES;
				SDKROOT = iphoneos;
				SWIFT_COMPILATION_MODE = wholemodule;
				SWIFT_OPTIMIZATION_LEVEL = "-O";
				VALIDATE_PRODUCT = YES;
			};
			name = Release;
		};
		8F3A089B2A1D1C44000B3FE3 /* Debug */ = {
			isa = XCBuildConfiguration;
			buildSettings = {
				ASSETCATALOG_COMPILER_APPICON_NAME = AppIcon;
				ASSETCATALOG_COMPILER_GLOBAL_ACCENT_COLOR_NAME = AccentColor;
				CODE_SIGN_STYLE = Automatic;
				CURRENT_PROJECT_VERSION = 1;
				DEVELOPMENT_TEAM = Y9B3P2YJJC;
				GENERATE_INFOPLIST_FILE = YES;
				INFOPLIST_FILE = SignTalk/Info.plist;
				INFOPLIST_KEY_NSCameraUsageDescription = "We need camera access to detects the sign language";
				INFOPLIST_KEY_UIApplicationSupportsIndirectInputEvents = YES;
				INFOPLIST_KEY_UILaunchStoryboardName = LaunchScreen.storyboard;
				INFOPLIST_KEY_UIMainStoryboardFile = Main;
				INFOPLIST_KEY_UISupportedInterfaceOrientations = "UIInterfaceOrientationPortrait UIInterfaceOrientationPortraitUpsideDown";
				INFOPLIST_KEY_UISupportedInterfaceOrientations_iPad = UIInterfaceOrientationPortrait;
				IPHONEOS_DEPLOYMENT_TARGET = 16.0;
				LD_RUNPATH_SEARCH_PATHS = (
					"$(inherited)",
					"@executable_path/Frameworks",
				);
				MARKETING_VERSION = 1.0;
				PRODUCT_BUNDLE_IDENTIFIER = celine.SignPal;
				PRODUCT_NAME = "$(TARGET_NAME)";
				SUPPORTED_PLATFORMS = "iphoneos iphonesimulator";
				SUPPORTS_MACCATALYST = NO;
				SUPPORTS_MAC_DESIGNED_FOR_IPHONE_IPAD = NO;
				SWIFT_EMIT_LOC_STRINGS = YES;
				SWIFT_VERSION = 5.0;
				TARGETED_DEVICE_FAMILY = 1;
			};
			name = Debug;
		};
		8F3A089C2A1D1C44000B3FE3 /* Release */ = {
			isa = XCBuildConfiguration;
			buildSettings = {
				ASSETCATALOG_COMPILER_APPICON_NAME = AppIcon;
				ASSETCATALOG_COMPILER_GLOBAL_ACCENT_COLOR_NAME = AccentColor;
				CODE_SIGN_STYLE = Automatic;
				CURRENT_PROJECT_VERSION = 1;
				DEVELOPMENT_TEAM = Y9B3P2YJJC;
				GENERATE_INFOPLIST_FILE = YES;
				INFOPLIST_FILE = SignTalk/Info.plist;
				INFOPLIST_KEY_NSCameraUsageDescription = "We need camera access to detects the sign language";
				INFOPLIST_KEY_UIApplicationSupportsIndirectInputEvents = YES;
				INFOPLIST_KEY_UILaunchStoryboardName = LaunchScreen.storyboard;
				INFOPLIST_KEY_UIMainStoryboardFile = Main;
				INFOPLIST_KEY_UISupportedInterfaceOrientations = "UIInterfaceOrientationPortrait UIInterfaceOrientationPortraitUpsideDown";
				INFOPLIST_KEY_UISupportedInterfaceOrientations_iPad = UIInterfaceOrientationPortrait;
				IPHONEOS_DEPLOYMENT_TARGET = 16.0;
				LD_RUNPATH_SEARCH_PATHS = (
					"$(inherited)",
					"@executable_path/Frameworks",
				);
				MARKETING_VERSION = 1.0;
				PRODUCT_BUNDLE_IDENTIFIER = celine.SignPal;
				PRODUCT_NAME = "$(TARGET_NAME)";
				SUPPORTED_PLATFORMS = "iphoneos iphonesimulator";
				SUPPORTS_MACCATALYST = NO;
				SUPPORTS_MAC_DESIGNED_FOR_IPHONE_IPAD = NO;
				SWIFT_EMIT_LOC_STRINGS = YES;
				SWIFT_VERSION = 5.0;
				TARGETED_DEVICE_FAMILY = 1;
			};
			name = Release;
		};
/* End XCBuildConfiguration section */

/* Begin XCConfigurationList section */
		8F3A08812A1D1C42000B3FE3 /* Build configuration list for PBXProject "SignPal" */ = {
			isa = XCConfigurationList;
			buildConfigurations = (
				8F3A08982A1D1C44000B3FE3 /* Debug */,
				8F3A08992A1D1C44000B3FE3 /* Release */,
			);
			defaultConfigurationIsVisible = 0;
			defaultConfigurationName = Release;
		};
		8F3A089A2A1D1C44000B3FE3 /* Build configuration list for PBXNativeTarget "SignPal" */ = {
			isa = XCConfigurationList;
			buildConfigurations = (
				8F3A089B2A1D1C44000B3FE3 /* Debug */,
				8F3A089C2A1D1C44000B3FE3 /* Release */,
			);
			defaultConfigurationIsVisible = 0;
			defaultConfigurationName = Release;
		};
/* End XCConfigurationList section */
	};
	rootObject = 8F3A087E2A1D1C42000B3FE3 /* Project object */;
}
